
Microsoft Visual Studio Solution File, Format Version 12.00
# Visual Studio 15
VisualStudioVersion = 15.0.28010.2026
MinimumVisualStudioVersion = 10.0.40219.1
Project("{FAE04EC0-301F-11D3-BF4B-00C04F79EFBC}") = "UpstackCodeChallenge", "UpstackCodeChallenge\UpstackCodeChallenge.csproj", "{4252A46C-FFD4-4964-A9DE-4CD758DB8FB6}"
EndProject
Project("{FAE04EC0-301F-11D3-BF4B-00C04F79EFBC}") = "UpstackCodeChallenge.Web", "UpstackCodeChallenge.Web\UpstackCodeChallenge.Web.csproj", "{4CD04902-41E1-4706-B69C-19C6A6154B78}"
EndProject
Project("{FAE04EC0-301F-11D3-BF4B-00C04F79EFBC}") = "UpstackCodeChallenge.Test", "UpstackCodeChallenge.Test\UpstackCodeChallenge.Test.csproj", "{6A8E8DBC-6021-42CD-9791-94370FE1BA58}"
EndProject
Global
	GlobalSection(SolutionConfigurationPlatforms) = preSolution
		Debug|Any CPU = Debug|Any CPU
		Release|Any CPU = Release|Any CPU
	EndGlobalSection
	GlobalSection(ProjectConfigurationPlatforms) = postSolution
		{4252A46C-FFD4-4964-A9DE-4CD758DB8FB6}.Debug|Any CPU.ActiveCfg = Debug|Any CPU
		{4252A46C-FFD4-4964-A9DE-4CD758DB8FB6}.Debug|Any CPU.Build.0 = Debug|Any CPU
		{4252A46C-FFD4-4964-A9DE-4CD758DB8FB6}.Release|Any CPU.ActiveCfg = Release|Any CPU
		{4252A46C-FFD4-4964-A9DE-4CD758DB8FB6}.Release|Any CPU.Build.0 = Release|Any CPU
		{4CD04902-41E1-4706-B69C-19C6A6154B78}.Debug|Any CPU.ActiveCfg = Debug|Any CPU
		{4CD04902-41E1-4706-B69C-19C6A6154B78}.Debug|Any CPU.Build.0 = Debug|Any CPU
		{4CD04902-41E1-4706-B69C-19C6A6154B78}.Release|Any CPU.ActiveCfg = Release|Any CPU
		{4CD04902-41E1-4706-B69C-19C6A6154B78}.Release|Any CPU.Build.0 = Release|Any CPU
		{6A8E8DBC-6021-42CD-9791-94370FE1BA58}.Debug|Any CPU.ActiveCfg = Debug|Any CPU
		{6A8E8DBC-6021-42CD-9791-94370FE1BA58}.Debug|Any CPU.Build.0 = Debug|Any CPU
		{6A8E8DBC-6021-42CD-9791-94370FE1BA58}.Release|Any CPU.ActiveCfg = Release|Any CPU
		{6A8E8DBC-6021-42CD-9791-94370FE1BA58}.Release|Any CPU.Build.0 = Release|Any CPU
	EndGlobalSection
	GlobalSection(SolutionProperties) = preSolution
		HideSolutionNode = FALSE
	EndGlobalSection
	GlobalSection(ExtensibilityGlobals) = postSolution
		SolutionGuid = {55AB0D0F-92B1-4E9B-B4FE-727F7134E79C}
	EndGlobalSection
EndGlobal
